
Microsoft Visual Studio Solution File, Format Version 12.00
# Visual Studio Version 17
VisualStudioVersion = 17.8.34511.84
MinimumVisualStudioVersion = 10.0.40219.1
Project("{FAE04EC0-301F-11D3-BF4B-00C04F79EFBC}") = "Fountain.WinConsole.NPOIDemo", "Fountain.WinConsole.NPOIDemo\Fountain.WinConsole.NPOIDemo.csproj", "{417CA074-50EF-47A4-96C8-BFBDCA15627D}"
EndProject
Global
	GlobalSection(SolutionConfigurationPlatforms) = preSolution
		Debug|Any CPU = Debug|Any CPU
		Release|Any CPU = Release|Any CPU
	EndGlobalSection
	GlobalSection(ProjectConfigurationPlatforms) = postSolution
		{417CA074-50EF-47A4-96C8-BFBDCA15627D}.Debug|Any CPU.ActiveCfg = Debug|Any CPU
		{417CA074-50EF-47A4-96C8-BFBDCA15627D}.Debug|Any CPU.Build.0 = Debug|Any CPU
		{417CA074-50EF-47A4-96C8-BFBDCA15627D}.Release|Any CPU.ActiveCfg = Release|Any CPU
		{417CA074-50EF-47A4-96C8-BFBDCA15627D}.Release|Any CPU.Build.0 = Release|Any CPU
	EndGlobalSection
	GlobalSection(SolutionProperties) = preSolution
		HideSolutionNode = FALSE
	EndGlobalSection
	GlobalSection(ExtensibilityGlobals) = postSolution
		SolutionGuid = {79E7226C-B482-4881-8882-AC22BCEF262A}
	EndGlobalSection
EndGlobal
